// !$*UTF8*$!
{
	archiveVersion = 1;
	classes = {
	};
	objectVersion = 46;
	objects = {

/* Begin PBXBuildFile section */
		329C4949DEC5E30FD45E3B95 /* Pods.framework in Frameworks */ = {isa = PBXBuildFile; fileRef = E4CF80D4B23D7F6E6496BD4E /* Pods.framework */; };
		DB7F9E981C6EF28F00DE6A44 /* UIImageViewAligned.m in Sources */ = {isa = PBXBuildFile; fileRef = DB7F9E971C6EF28F00DE6A44 /* UIImageViewAligned.m */; };
		DBB867F01C6EFB230069B8A8 /* SwiftUtils.swift in Sources */ = {isa = PBXBuildFile; fileRef = DBB867ED1C6EFB220069B8A8 /* SwiftUtils.swift */; };
		DBB867F11C6EFB230069B8A8 /* Utils.m in Sources */ = {isa = PBXBuildFile; fileRef = DBB867EF1C6EFB220069B8A8 /* Utils.m */; };
		DBB867F31C700DBC0069B8A8 /* 1.png in Resources */ = {isa = PBXBuildFile; fileRef = DBB867F21C700DBC0069B8A8 /* 1.png */; };
		DBB867F51C7013200069B8A8 /* ITVAlbumPhotosViewController.swift in Sources */ = {isa = PBXBuildFile; fileRef = DBB867F41C7013200069B8A8 /* ITVAlbumPhotosViewController.swift */; };
		DBB868351C7127180069B8A8 /* ITVCoreData.swift in Sources */ = {isa = PBXBuildFile; fileRef = DBB868341C7127180069B8A8 /* ITVCoreData.swift */; };
		DBB868381C7129E30069B8A8 /* ITVCoreData.xcdatamodeld in Sources */ = {isa = PBXBuildFile; fileRef = DBB868361C7129E30069B8A8 /* ITVCoreData.xcdatamodeld */; };
		DBB868491C712B950069B8A8 /* AlbumEntity+CoreDataProperties.swift in Sources */ = {isa = PBXBuildFile; fileRef = DBB868451C712B950069B8A8 /* AlbumEntity+CoreDataProperties.swift */; };
		DBB8684A1C712B950069B8A8 /* AlbumEntity.swift in Sources */ = {isa = PBXBuildFile; fileRef = DBB868461C712B950069B8A8 /* AlbumEntity.swift */; };
		DBB8684B1C712B950069B8A8 /* PhotoEntity+CoreDataProperties.swift in Sources */ = {isa = PBXBuildFile; fileRef = DBB868471C712B950069B8A8 /* PhotoEntity+CoreDataProperties.swift */; };
		DBB8684C1C712B950069B8A8 /* PhotoEntity.swift in Sources */ = {isa = PBXBuildFile; fileRef = DBB868481C712B950069B8A8 /* PhotoEntity.swift */; };
		DBB8684E1C71351E0069B8A8 /* star.png in Resources */ = {isa = PBXBuildFile; fileRef = DBB8684D1C71351E0069B8A8 /* star.png */; };
		DBB868531C71407C0069B8A8 /* CloudKit.framework in Frameworks */ = {isa = PBXBuildFile; fileRef = DBB868521C71407C0069B8A8 /* CloudKit.framework */; };
		DBD078A01C6CCF270007FE46 /* AppDelegate.swift in Sources */ = {isa = PBXBuildFile; fileRef = DBD0789F1C6CCF270007FE46 /* AppDelegate.swift */; };
		DBD078A21C6CCF270007FE46 /* ViewController.swift in Sources */ = {isa = PBXBuildFile; fileRef = DBD078A11C6CCF270007FE46 /* ViewController.swift */; };
		DBD078A51C6CCF270007FE46 /* Main.storyboard in Resources */ = {isa = PBXBuildFile; fileRef = DBD078A31C6CCF270007FE46 /* Main.storyboard */; };
		DBD078A71C6CCF270007FE46 /* Assets.xcassets in Resources */ = {isa = PBXBuildFile; fileRef = DBD078A61C6CCF270007FE46 /* Assets.xcassets */; };
		DBD078D11C6CE8610007FE46 /* FacebookSDKStrings.bundle in Resources */ = {isa = PBXBuildFile; fileRef = DBD078B11C6CE8610007FE46 /* FacebookSDKStrings.bundle */; };
		DBD078D21C6CE8610007FE46 /* FBSDKCoreKit.framework in Frameworks */ = {isa = PBXBuildFile; fileRef = DBD078B21C6CE8610007FE46 /* FBSDKCoreKit.framework */; };
		DBD078D31C6CE8610007FE46 /* FBSDKShareKit.framework in Frameworks */ = {isa = PBXBuildFile; fileRef = DBD078B31C6CE8610007FE46 /* FBSDKShareKit.framework */; };
		DBD078D41C6CE8610007FE46 /* FBSDKTVOSKit.framework in Frameworks */ = {isa = PBXBuildFile; fileRef = DBD078B41C6CE8610007FE46 /* FBSDKTVOSKit.framework */; };
		DBD078D51C6CE8610007FE46 /* LICENSE.txt in Resources */ = {isa = PBXBuildFile; fileRef = DBD078B51C6CE8610007FE46 /* LICENSE.txt */; };
		DBD078D61C6CE8610007FE46 /* README_TV.txt in Resources */ = {isa = PBXBuildFile; fileRef = DBD078B61C6CE8610007FE46 /* README_TV.txt */; };
		DBD078ED1C6CF6EF0007FE46 /* ITVProfileViewController.swift in Sources */ = {isa = PBXBuildFile; fileRef = DBD078EC1C6CF6EF0007FE46 /* ITVProfileViewController.swift */; };
		DBD078EF1C6CF7020007FE46 /* ITVLoginViewController.swift in Sources */ = {isa = PBXBuildFile; fileRef = DBD078EE1C6CF7020007FE46 /* ITVLoginViewController.swift */; };
		DBD078F31C6CFADD0007FE46 /* ITVFacebookService.m in Sources */ = {isa = PBXBuildFile; fileRef = DBD078F21C6CFADD0007FE46 /* ITVFacebookService.m */; };
		DBD078FB1C6D09F60007FE46 /* ITVFacebookUser.swift in Sources */ = {isa = PBXBuildFile; fileRef = DBD078FA1C6D09F60007FE46 /* ITVFacebookUser.swift */; };
		DBD079041C6D153C0007FE46 /* DownloadRequestModel.m in Sources */ = {isa = PBXBuildFile; fileRef = DBD078FE1C6D153C0007FE46 /* DownloadRequestModel.m */; };
		DBD079051C6D153C0007FE46 /* DownloadResponseModel.m in Sources */ = {isa = PBXBuildFile; fileRef = DBD079001C6D153C0007FE46 /* DownloadResponseModel.m */; };
		DBD079061C6D153C0007FE46 /* DownloadService.m in Sources */ = {isa = PBXBuildFile; fileRef = DBD079031C6D153C0007FE46 /* DownloadService.m */; };
		DBD079091C6D17A60007FE46 /* InternetService.m in Sources */ = {isa = PBXBuildFile; fileRef = DBD079081C6D17A60007FE46 /* InternetService.m */; };
		DBD0790D1C6D18A50007FE46 /* Reachability.m in Sources */ = {isa = PBXBuildFile; fileRef = DBD0790C1C6D18A50007FE46 /* Reachability.m */; };
/* End PBXBuildFile section */

/* Begin PBXFileReference section */
		551BEE00F302954A1EB2D260 /* Pods.release.xcconfig */ = {isa = PBXFileReference; includeInIndex = 1; lastKnownFileType = text.xcconfig; name = Pods.release.xcconfig; path = "Pods/Target Support Files/Pods/Pods.release.xcconfig"; sourceTree = "<group>"; };
		DB7F9E961C6EF28F00DE6A44 /* UIImageViewAligned.h */ = {isa = PBXFileReference; fileEncoding = 4; lastKnownFileType = sourcecode.c.h; path = UIImageViewAligned.h; sourceTree = "<group>"; };
		DB7F9E971C6EF28F00DE6A44 /* UIImageViewAligned.m */ = {isa = PBXFileReference; fileEncoding = 4; lastKnownFileType = sourcecode.c.objc; path = UIImageViewAligned.m; sourceTree = "<group>"; };
		DBB867ED1C6EFB220069B8A8 /* SwiftUtils.swift */ = {isa = PBXFileReference; fileEncoding = 4; lastKnownFileType = sourcecode.swift; name = SwiftUtils.swift; path = ../../ObjC_Utils/utils/SwiftUtils.swift; sourceTree = "<group>"; };
		DBB867EE1C6EFB220069B8A8 /* Utils.h */ = {isa = PBXFileReference; fileEncoding = 4; lastKnownFileType = sourcecode.c.h; name = Utils.h; path = ../../ObjC_Utils/utils/Utils.h; sourceTree = "<group>"; };
		DBB867EF1C6EFB220069B8A8 /* Utils.m */ = {isa = PBXFileReference; fileEncoding = 4; lastKnownFileType = sourcecode.c.objc; name = Utils.m; path = ../../ObjC_Utils/utils/Utils.m; sourceTree = "<group>"; };
		DBB867F21C700DBC0069B8A8 /* 1.png */ = {isa = PBXFileReference; lastKnownFileType = image.png; path = 1.png; sourceTree = "<group>"; };
		DBB867F41C7013200069B8A8 /* ITVAlbumPhotosViewController.swift */ = {isa = PBXFileReference; fileEncoding = 4; lastKnownFileType = sourcecode.swift; path = ITVAlbumPhotosViewController.swift; sourceTree = "<group>"; };
		DBB868341C7127180069B8A8 /* ITVCoreData.swift */ = {isa = PBXFileReference; fileEncoding = 4; lastKnownFileType = sourcecode.swift; path = ITVCoreData.swift; sourceTree = "<group>"; };
		DBB868371C7129E30069B8A8 /* ITVCoreData.xcdatamodel */ = {isa = PBXFileReference; lastKnownFileType = wrapper.xcdatamodel; path = ITVCoreData.xcdatamodel; sourceTree = "<group>"; };
		DBB868451C712B950069B8A8 /* AlbumEntity+CoreDataProperties.swift */ = {isa = PBXFileReference; fileEncoding = 4; lastKnownFileType = sourcecode.swift; path = "AlbumEntity+CoreDataProperties.swift"; sourceTree = "<group>"; };
		DBB868461C712B950069B8A8 /* AlbumEntity.swift */ = {isa = PBXFileReference; fileEncoding = 4; lastKnownFileType = sourcecode.swift; path = AlbumEntity.swift; sourceTree = "<group>"; };
		DBB868471C712B950069B8A8 /* PhotoEntity+CoreDataProperties.swift */ = {isa = PBXFileReference; fileEncoding = 4; lastKnownFileType = sourcecode.swift; path = "PhotoEntity+CoreDataProperties.swift"; sourceTree = "<group>"; };
		DBB868481C712B950069B8A8 /* PhotoEntity.swift */ = {isa = PBXFileReference; fileEncoding = 4; lastKnownFileType = sourcecode.swift; path = PhotoEntity.swift; sourceTree = "<group>"; };
		DBB8684D1C71351E0069B8A8 /* star.png */ = {isa = PBXFileReference; lastKnownFileType = image.png; path = star.png; sourceTree = "<group>"; };
		DBB8684F1C713FDB0069B8A8 /* InstaTV.entitlements */ = {isa = PBXFileReference; lastKnownFileType = text.xml; path = InstaTV.entitlements; sourceTree = "<group>"; };
		DBB868521C71407C0069B8A8 /* CloudKit.framework */ = {isa = PBXFileReference; lastKnownFileType = wrapper.framework; name = CloudKit.framework; path = System/Library/Frameworks/CloudKit.framework; sourceTree = SDKROOT; };
		DBD0789C1C6CCF270007FE46 /* InstaTV.app */ = {isa = PBXFileReference; explicitFileType = wrapper.application; includeInIndex = 0; path = InstaTV.app; sourceTree = BUILT_PRODUCTS_DIR; };
		DBD0789F1C6CCF270007FE46 /* AppDelegate.swift */ = {isa = PBXFileReference; lastKnownFileType = sourcecode.swift; path = AppDelegate.swift; sourceTree = "<group>"; };
		DBD078A11C6CCF270007FE46 /* ViewController.swift */ = {isa = PBXFileReference; lastKnownFileType = sourcecode.swift; path = ViewController.swift; sourceTree = "<group>"; };
		DBD078A41C6CCF270007FE46 /* Base */ = {isa = PBXFileReference; lastKnownFileType = file.storyboard; name = Base; path = Base.lproj/Main.storyboard; sourceTree = "<group>"; };
		DBD078A61C6CCF270007FE46 /* Assets.xcassets */ = {isa = PBXFileReference; lastKnownFileType = folder.assetcatalog; path = Assets.xcassets; sourceTree = "<group>"; };
		DBD078A81C6CCF270007FE46 /* Info.plist */ = {isa = PBXFileReference; lastKnownFileType = text.plist.xml; path = Info.plist; sourceTree = "<group>"; };
		DBD078AE1C6CD0EB0007FE46 /* InstaTV-Bridging-Header.h */ = {isa = PBXFileReference; lastKnownFileType = sourcecode.c.h; path = "InstaTV-Bridging-Header.h"; sourceTree = "<group>"; };
		DBD078B11C6CE8610007FE46 /* FacebookSDKStrings.bundle */ = {isa = PBXFileReference; lastKnownFileType = "wrapper.plug-in"; path = FacebookSDKStrings.bundle; sourceTree = "<group>"; };
		DBD078B21C6CE8610007FE46 /* FBSDKCoreKit.framework */ = {isa = PBXFileReference; lastKnownFileType = wrapper.framework; path = FBSDKCoreKit.framework; sourceTree = "<group>"; };
		DBD078B31C6CE8610007FE46 /* FBSDKShareKit.framework */ = {isa = PBXFileReference; lastKnownFileType = wrapper.framework; path = FBSDKShareKit.framework; sourceTree = "<group>"; };
		DBD078B41C6CE8610007FE46 /* FBSDKTVOSKit.framework */ = {isa = PBXFileReference; lastKnownFileType = wrapper.framework; path = FBSDKTVOSKit.framework; sourceTree = "<group>"; };
		DBD078B51C6CE8610007FE46 /* LICENSE.txt */ = {isa = PBXFileReference; fileEncoding = 4; lastKnownFileType = text; path = LICENSE.txt; sourceTree = "<group>"; };
		DBD078B61C6CE8610007FE46 /* README_TV.txt */ = {isa = PBXFileReference; fileEncoding = 4; lastKnownFileType = text; path = README_TV.txt; sourceTree = "<group>"; };
		DBD078EC1C6CF6EF0007FE46 /* ITVProfileViewController.swift */ = {isa = PBXFileReference; fileEncoding = 4; lastKnownFileType = sourcecode.swift; path = ITVProfileViewController.swift; sourceTree = "<group>"; };
		DBD078EE1C6CF7020007FE46 /* ITVLoginViewController.swift */ = {isa = PBXFileReference; fileEncoding = 4; lastKnownFileType = sourcecode.swift; path = ITVLoginViewController.swift; sourceTree = "<group>"; };
		DBD078F11C6CFADD0007FE46 /* ITVFacebookService.h */ = {isa = PBXFileReference; fileEncoding = 4; lastKnownFileType = sourcecode.c.h; path = ITVFacebookService.h; sourceTree = "<group>"; };
		DBD078F21C6CFADD0007FE46 /* ITVFacebookService.m */ = {isa = PBXFileReference; fileEncoding = 4; lastKnownFileType = sourcecode.c.objc; path = ITVFacebookService.m; sourceTree = "<group>"; };
		DBD078FA1C6D09F60007FE46 /* ITVFacebookUser.swift */ = {isa = PBXFileReference; fileEncoding = 4; lastKnownFileType = sourcecode.swift; path = ITVFacebookUser.swift; sourceTree = "<group>"; };
		DBD078FD1C6D153C0007FE46 /* DownloadRequestModel.h */ = {isa = PBXFileReference; fileEncoding = 4; lastKnownFileType = sourcecode.c.h; path = DownloadRequestModel.h; sourceTree = "<group>"; };
		DBD078FE1C6D153C0007FE46 /* DownloadRequestModel.m */ = {isa = PBXFileReference; fileEncoding = 4; lastKnownFileType = sourcecode.c.objc; path = DownloadRequestModel.m; sourceTree = "<group>"; };
		DBD078FF1C6D153C0007FE46 /* DownloadResponseModel.h */ = {isa = PBXFileReference; fileEncoding = 4; lastKnownFileType = sourcecode.c.h; path = DownloadResponseModel.h; sourceTree = "<group>"; };
		DBD079001C6D153C0007FE46 /* DownloadResponseModel.m */ = {isa = PBXFileReference; fileEncoding = 4; lastKnownFileType = sourcecode.c.objc; path = DownloadResponseModel.m; sourceTree = "<group>"; };
		DBD079021C6D153C0007FE46 /* DownloadService.h */ = {isa = PBXFileReference; fileEncoding = 4; lastKnownFileType = sourcecode.c.h; path = DownloadService.h; sourceTree = "<group>"; };
		DBD079031C6D153C0007FE46 /* DownloadService.m */ = {isa = PBXFileReference; fileEncoding = 4; lastKnownFileType = sourcecode.c.objc; path = DownloadService.m; sourceTree = "<group>"; };
		DBD079071C6D17A60007FE46 /* InternetService.h */ = {isa = PBXFileReference; fileEncoding = 4; lastKnownFileType = sourcecode.c.h; path = InternetService.h; sourceTree = "<group>"; };
		DBD079081C6D17A60007FE46 /* InternetService.m */ = {isa = PBXFileReference; fileEncoding = 4; lastKnownFileType = sourcecode.c.objc; path = InternetService.m; sourceTree = "<group>"; };
		DBD0790B1C6D18A50007FE46 /* Reachability.h */ = {isa = PBXFileReference; fileEncoding = 4; lastKnownFileType = sourcecode.c.h; path = Reachability.h; sourceTree = "<group>"; };
		DBD0790C1C6D18A50007FE46 /* Reachability.m */ = {isa = PBXFileReference; fileEncoding = 4; lastKnownFileType = sourcecode.c.objc; path = Reachability.m; sourceTree = "<group>"; };
		E4CF80D4B23D7F6E6496BD4E /* Pods.framework */ = {isa = PBXFileReference; explicitFileType = wrapper.framework; includeInIndex = 0; path = Pods.framework; sourceTree = BUILT_PRODUCTS_DIR; };
		F6686C807F7407CBB336FDAB /* Pods.debug.xcconfig */ = {isa = PBXFileReference; includeInIndex = 1; lastKnownFileType = text.xcconfig; name = Pods.debug.xcconfig; path = "Pods/Target Support Files/Pods/Pods.debug.xcconfig"; sourceTree = "<group>"; };
/* End PBXFileReference section */

/* Begin PBXFrameworksBuildPhase section */
		DBD078991C6CCF270007FE46 /* Frameworks */ = {
			isa = PBXFrameworksBuildPhase;
			buildActionMask = 2147483647;
			files = (
				DBB868531C71407C0069B8A8 /* CloudKit.framework in Frameworks */,
				DBD078D41C6CE8610007FE46 /* FBSDKTVOSKit.framework in Frameworks */,
				329C4949DEC5E30FD45E3B95 /* Pods.framework in Frameworks */,
				DBD078D21C6CE8610007FE46 /* FBSDKCoreKit.framework in Frameworks */,
				DBD078D31C6CE8610007FE46 /* FBSDKShareKit.framework in Frameworks */,
			);
			runOnlyForDeploymentPostprocessing = 0;
		};
/* End PBXFrameworksBuildPhase section */

/* Begin PBXGroup section */
		46CE375B0EEA0CFD7065420A /* Pods */ = {
			isa = PBXGroup;
			children = (
				F6686C807F7407CBB336FDAB /* Pods.debug.xcconfig */,
				551BEE00F302954A1EB2D260 /* Pods.release.xcconfig */,
			);
			name = Pods;
			sourceTree = "<group>";
		};
		DB7F9E951C6EF28F00DE6A44 /* UIImageViewAligned */ = {
			isa = PBXGroup;
			children = (
				DB7F9E961C6EF28F00DE6A44 /* UIImageViewAligned.h */,
				DB7F9E971C6EF28F00DE6A44 /* UIImageViewAligned.m */,
			);
			path = UIImageViewAligned;
			sourceTree = "<group>";
		};
		DBB867EC1C6EFB150069B8A8 /* Utils */ = {
			isa = PBXGroup;
			children = (
				DBB867ED1C6EFB220069B8A8 /* SwiftUtils.swift */,
				DBB867EE1C6EFB220069B8A8 /* Utils.h */,
				DBB867EF1C6EFB220069B8A8 /* Utils.m */,
			);
			path = Utils;
			sourceTree = "<group>";
		};
		DBB868331C7126F80069B8A8 /* CoreData */ = {
			isa = PBXGroup;
			children = (
				DBB8684D1C71351E0069B8A8 /* star.png */,
				DBB868341C7127180069B8A8 /* ITVCoreData.swift */,
				DBB868361C7129E30069B8A8 /* ITVCoreData.xcdatamodeld */,
				DBB868451C712B950069B8A8 /* AlbumEntity+CoreDataProperties.swift */,
				DBB868461C712B950069B8A8 /* AlbumEntity.swift */,
				DBB868471C712B950069B8A8 /* PhotoEntity+CoreDataProperties.swift */,
				DBB868481C712B950069B8A8 /* PhotoEntity.swift */,
			);
			path = CoreData;
			sourceTree = "<group>";
		};
		DBD078931C6CCF270007FE46 = {
			isa = PBXGroup;
			children = (
				DBB868331C7126F80069B8A8 /* CoreData */,
				DBB867F21C700DBC0069B8A8 /* 1.png */,
				DBB867EC1C6EFB150069B8A8 /* Utils */,
				DBD078FC1C6D153C0007FE46 /* Models */,
				DBD079011C6D153C0007FE46 /* Services */,
				DBD078F01C6CFADD0007FE46 /* FacebookUtils */,
				DBD078EB1C6CF6E20007FE46 /* Controllers */,
				DBD078AF1C6CE8610007FE46 /* External */,
				DBD0789E1C6CCF270007FE46 /* InstaTV */,
				DBD0789D1C6CCF270007FE46 /* Products */,
				46CE375B0EEA0CFD7065420A /* Pods */,
				E1E72E3C08DEE67D4C76F679 /* Frameworks */,
			);
			sourceTree = "<group>";
		};
		DBD0789D1C6CCF270007FE46 /* Products */ = {
			isa = PBXGroup;
			children = (
				DBD0789C1C6CCF270007FE46 /* InstaTV.app */,
			);
			name = Products;
			sourceTree = "<group>";
		};
		DBD0789E1C6CCF270007FE46 /* InstaTV */ = {
			isa = PBXGroup;
			children = (
				DBB8684F1C713FDB0069B8A8 /* InstaTV.entitlements */,
				DBD0789F1C6CCF270007FE46 /* AppDelegate.swift */,
				DBD078A11C6CCF270007FE46 /* ViewController.swift */,
				DBD078AE1C6CD0EB0007FE46 /* InstaTV-Bridging-Header.h */,
				DBD078A31C6CCF270007FE46 /* Main.storyboard */,
				DBD078A61C6CCF270007FE46 /* Assets.xcassets */,
				DBD078A81C6CCF270007FE46 /* Info.plist */,
			);
			path = InstaTV;
			sourceTree = "<group>";
		};
		DBD078AF1C6CE8610007FE46 /* External */ = {
			isa = PBXGroup;
			children = (
				DB7F9E951C6EF28F00DE6A44 /* UIImageViewAligned */,
				DBD0790A1C6D18A50007FE46 /* Reachability */,
				DBD078B01C6CE8610007FE46 /* FacebookSDKs-tvOS */,
			);
			path = External;
			sourceTree = "<group>";
		};
		DBD078B01C6CE8610007FE46 /* FacebookSDKs-tvOS */ = {
			isa = PBXGroup;
			children = (
				DBD078B11C6CE8610007FE46 /* FacebookSDKStrings.bundle */,
				DBD078B21C6CE8610007FE46 /* FBSDKCoreKit.framework */,
				DBD078B31C6CE8610007FE46 /* FBSDKShareKit.framework */,
				DBD078B41C6CE8610007FE46 /* FBSDKTVOSKit.framework */,
				DBD078B51C6CE8610007FE46 /* LICENSE.txt */,
				DBD078B61C6CE8610007FE46 /* README_TV.txt */,
			);
			path = "FacebookSDKs-tvOS";
			sourceTree = "<group>";
		};
		DBD078EB1C6CF6E20007FE46 /* Controllers */ = {
			isa = PBXGroup;
			children = (
				DBD078EC1C6CF6EF0007FE46 /* ITVProfileViewController.swift */,
				DBD078EE1C6CF7020007FE46 /* ITVLoginViewController.swift */,
				DBB867F41C7013200069B8A8 /* ITVAlbumPhotosViewController.swift */,
			);
			path = Controllers;
			sourceTree = "<group>";
		};
		DBD078F01C6CFADD0007FE46 /* FacebookUtils */ = {
			isa = PBXGroup;
			children = (
				DBD078F11C6CFADD0007FE46 /* ITVFacebookService.h */,
				DBD078F21C6CFADD0007FE46 /* ITVFacebookService.m */,
				DBD078FA1C6D09F60007FE46 /* ITVFacebookUser.swift */,
			);
			path = FacebookUtils;
			sourceTree = "<group>";
		};
		DBD078FC1C6D153C0007FE46 /* Models */ = {
			isa = PBXGroup;
			children = (
				DBD078FD1C6D153C0007FE46 /* DownloadRequestModel.h */,
				DBD078FE1C6D153C0007FE46 /* DownloadRequestModel.m */,
				DBD078FF1C6D153C0007FE46 /* DownloadResponseModel.h */,
				DBD079001C6D153C0007FE46 /* DownloadResponseModel.m */,
			);
			path = Models;
			sourceTree = "<group>";
		};
		DBD079011C6D153C0007FE46 /* Services */ = {
			isa = PBXGroup;
			children = (
				DBD079071C6D17A60007FE46 /* InternetService.h */,
				DBD079081C6D17A60007FE46 /* InternetService.m */,
				DBD079021C6D153C0007FE46 /* DownloadService.h */,
				DBD079031C6D153C0007FE46 /* DownloadService.m */,
			);
			path = Services;
			sourceTree = "<group>";
		};
		DBD0790A1C6D18A50007FE46 /* Reachability */ = {
			isa = PBXGroup;
			children = (
				DBD0790B1C6D18A50007FE46 /* Reachability.h */,
				DBD0790C1C6D18A50007FE46 /* Reachability.m */,
			);
			path = Reachability;
			sourceTree = "<group>";
		};
		E1E72E3C08DEE67D4C76F679 /* Frameworks */ = {
			isa = PBXGroup;
			children = (
				DBB868521C71407C0069B8A8 /* CloudKit.framework */,
				E4CF80D4B23D7F6E6496BD4E /* Pods.framework */,
			);
			name = Frameworks;
			sourceTree = "<group>";
		};
/* End PBXGroup section */

/* Begin PBXNativeTarget section */
		DBD0789B1C6CCF270007FE46 /* InstaTV */ = {
			isa = PBXNativeTarget;
			buildConfigurationList = DBD078AB1C6CCF270007FE46 /* Build configuration list for PBXNativeTarget "InstaTV" */;
			buildPhases = (
				773F3CCB7202E29702F72E64 /* Check Pods Manifest.lock */,
				DBD078981C6CCF270007FE46 /* Sources */,
				DBD078991C6CCF270007FE46 /* Frameworks */,
				DBD0789A1C6CCF270007FE46 /* Resources */,
				EE9066C14940A96C44451C9A /* Embed Pods Frameworks */,
				4057151CD000E3DCA1EFE888 /* Copy Pods Resources */,
			);
			buildRules = (
			);
			dependencies = (
			);
			name = InstaTV;
			productName = InstaTV;
			productReference = DBD0789C1C6CCF270007FE46 /* InstaTV.app */;
			productType = "com.apple.product-type.application";
		};
/* End PBXNativeTarget section */

/* Begin PBXProject section */
		DBD078941C6CCF270007FE46 /* Project object */ = {
			isa = PBXProject;
			attributes = {
				LastSwiftUpdateCheck = 0720;
				LastUpgradeCheck = 0720;
				ORGANIZATIONNAME = mwg;
				TargetAttributes = {
					DBD0789B1C6CCF270007FE46 = {
						CreatedOnToolsVersion = 7.2;
						DevelopmentTeam = 99PGLV2Z48;
						SystemCapabilities = {
							com.apple.iCloud = {
								enabled = 1;
							};
						};
					};
				};
			};
			buildConfigurationList = DBD078971C6CCF270007FE46 /* Build configuration list for PBXProject "InstaTV" */;
			compatibilityVersion = "Xcode 3.2";
			developmentRegion = English;
			hasScannedForEncodings = 0;
			knownRegions = (
				en,
				Base,
			);
			mainGroup = DBD078931C6CCF270007FE46;
			productRefGroup = DBD0789D1C6CCF270007FE46 /* Products */;
			projectDirPath = "";
			projectRoot = "";
			targets = (
				DBD0789B1C6CCF270007FE46 /* InstaTV */,
			);
		};
/* End PBXProject section */

/* Begin PBXResourcesBuildPhase section */
		DBD0789A1C6CCF270007FE46 /* Resources */ = {
			isa = PBXResourcesBuildPhase;
			buildActionMask = 2147483647;
			files = (
				DBD078D51C6CE8610007FE46 /* LICENSE.txt in Resources */,
				DBB867F31C700DBC0069B8A8 /* 1.png in Resources */,
				DBD078D11C6CE8610007FE46 /* FacebookSDKStrings.bundle in Resources */,
				DBD078A71C6CCF270007FE46 /* Assets.xcassets in Resources */,
				DBB8684E1C71351E0069B8A8 /* star.png in Resources */,
				DBD078D61C6CE8610007FE46 /* README_TV.txt in Resources */,
				DBD078A51C6CCF270007FE46 /* Main.storyboard in Resources */,
			);
			runOnlyForDeploymentPostprocessing = 0;
		};
/* End PBXResourcesBuildPhase section */

/* Begin PBXShellScriptBuildPhase section */
		4057151CD000E3DCA1EFE888 /* Copy Pods Resources */ = {
			isa = PBXShellScriptBuildPhase;
			buildActionMask = 2147483647;
			files = (
			);
			inputPaths = (
			);
			name = "Copy Pods Resources";
			outputPaths = (
			);
			runOnlyForDeploymentPostprocessing = 0;
			shellPath = /bin/sh;
			shellScript = "\"${SRCROOT}/Pods/Target Support Files/Pods/Pods-resources.sh\"\n";
			showEnvVarsInLog = 0;
		};
		773F3CCB7202E29702F72E64 /* Check Pods Manifest.lock */ = {
			isa = PBXShellScriptBuildPhase;
			buildActionMask = 2147483647;
			files = (
			);
			inputPaths = (
			);
			name = "Check Pods Manifest.lock";
			outputPaths = (
			);
			runOnlyForDeploymentPostprocessing = 0;
			shellPath = /bin/sh;
			shellScript = "diff \"${PODS_ROOT}/../Podfile.lock\" \"${PODS_ROOT}/Manifest.lock\" > /dev/null\nif [[ $? != 0 ]] ; then\n    cat << EOM\nerror: The sandbox is not in sync with the Podfile.lock. Run 'pod install' or update your CocoaPods installation.\nEOM\n    exit 1\nfi\n";
			showEnvVarsInLog = 0;
		};
		EE9066C14940A96C44451C9A /* Embed Pods Frameworks */ = {
			isa = PBXShellScriptBuildPhase;
			buildActionMask = 2147483647;
			files = (
			);
			inputPaths = (
			);
			name = "Embed Pods Frameworks";
			outputPaths = (
			);
			runOnlyForDeploymentPostprocessing = 0;
			shellPath = /bin/sh;
			shellScript = "\"${SRCROOT}/Pods/Target Support Files/Pods/Pods-frameworks.sh\"\n";
			showEnvVarsInLog = 0;
		};
/* End PBXShellScriptBuildPhase section */

/* Begin PBXSourcesBuildPhase section */
		DBD078981C6CCF270007FE46 /* Sources */ = {
			isa = PBXSourcesBuildPhase;
			buildActionMask = 2147483647;
			files = (
				DBD0790D1C6D18A50007FE46 /* Reachability.m in Sources */,
				DBB867F51C7013200069B8A8 /* ITVAlbumPhotosViewController.swift in Sources */,
				DBD079061C6D153C0007FE46 /* DownloadService.m in Sources */,
				DBB8684A1C712B950069B8A8 /* AlbumEntity.swift in Sources */,
				DBD078A21C6CCF270007FE46 /* ViewController.swift in Sources */,
				DBB867F11C6EFB230069B8A8 /* Utils.m in Sources */,
				DB7F9E981C6EF28F00DE6A44 /* UIImageViewAligned.m in Sources */,
				DBD078A01C6CCF270007FE46 /* AppDelegate.swift in Sources */,
				DBD079041C6D153C0007FE46 /* DownloadRequestModel.m in Sources */,
				DBD078EF1C6CF7020007FE46 /* ITVLoginViewController.swift in Sources */,
				DBB8684C1C712B950069B8A8 /* PhotoEntity.swift in Sources */,
				DBD078F31C6CFADD0007FE46 /* ITVFacebookService.m in Sources */,
				DBB867F01C6EFB230069B8A8 /* SwiftUtils.swift in Sources */,
				DBD078FB1C6D09F60007FE46 /* ITVFacebookUser.swift in Sources */,
				DBD079051C6D153C0007FE46 /* DownloadResponseModel.m in Sources */,
				DBD078ED1C6CF6EF0007FE46 /* ITVProfileViewController.swift in Sources */,
				DBB868491C712B950069B8A8 /* AlbumEntity+CoreDataProperties.swift in Sources */,
				DBB868351C7127180069B8A8 /* ITVCoreData.swift in Sources */,
				DBB8684B1C712B950069B8A8 /* PhotoEntity+CoreDataProperties.swift in Sources */,
				DBD079091C6D17A60007FE46 /* InternetService.m in Sources */,
				DBB868381C7129E30069B8A8 /* ITVCoreData.xcdatamodeld in Sources */,
			);
			runOnlyForDeploymentPostprocessing = 0;
		};
/* End PBXSourcesBuildPhase section */

/* Begin PBXVariantGroup section */
		DBD078A31C6CCF270007FE46 /* Main.storyboard */ = {
			isa = PBXVariantGroup;
			children = (
				DBD078A41C6CCF270007FE46 /* Base */,
			);
			name = Main.storyboard;
			sourceTree = "<group>";
		};
/* End PBXVariantGroup section */

/* Begin XCBuildConfiguration section */
		DBD078A91C6CCF270007FE46 /* Debug */ = {
			isa = XCBuildConfiguration;
			buildSettings = {
				ALWAYS_SEARCH_USER_PATHS = NO;
				CLANG_CXX_LANGUAGE_STANDARD = "gnu++0x";
				CLANG_CXX_LIBRARY = "libc++";
				CLANG_ENABLE_MODULES = YES;
				CLANG_ENABLE_OBJC_ARC = YES;
				CLANG_WARN_BOOL_CONVERSION = YES;
				CLANG_WARN_CONSTANT_CONVERSION = YES;
				CLANG_WARN_DIRECT_OBJC_ISA_USAGE = YES_ERROR;
				CLANG_WARN_EMPTY_BODY = YES;
				CLANG_WARN_ENUM_CONVERSION = YES;
				CLANG_WARN_INT_CONVERSION = YES;
				CLANG_WARN_OBJC_ROOT_CLASS = YES_ERROR;
				CLANG_WARN_UNREACHABLE_CODE = YES;
				CLANG_WARN__DUPLICATE_METHOD_MATCH = YES;
				COPY_PHASE_STRIP = NO;
				DEBUG_INFORMATION_FORMAT = dwarf;
				ENABLE_STRICT_OBJC_MSGSEND = YES;
				ENABLE_TESTABILITY = YES;
				GCC_C_LANGUAGE_STANDARD = gnu99;
				GCC_DYNAMIC_NO_PIC = NO;
				GCC_NO_COMMON_BLOCKS = YES;
				GCC_OPTIMIZATION_LEVEL = 0;
				GCC_PREPROCESSOR_DEFINITIONS = (
					"DEBUG=1",
					"$(inherited)",
				);
				GCC_WARN_64_TO_32_BIT_CONVERSION = YES;
				GCC_WARN_ABOUT_RETURN_TYPE = YES_ERROR;
				GCC_WARN_UNDECLARED_SELECTOR = YES;
				GCC_WARN_UNINITIALIZED_AUTOS = YES_AGGRESSIVE;
				GCC_WARN_UNUSED_FUNCTION = YES;
				GCC_WARN_UNUSED_VARIABLE = YES;
				MTL_ENABLE_DEBUG_INFO = YES;
				ONLY_ACTIVE_ARCH = YES;
				SDKROOT = appletvos;
				SWIFT_OPTIMIZATION_LEVEL = "-Onone";
				TARGETED_DEVICE_FAMILY = 3;
				TVOS_DEPLOYMENT_TARGET = 9.1;
			};
			name = Debug;
		};
		DBD078AA1C6CCF270007FE46 /* Release */ = {
			isa = XCBuildConfiguration;
			buildSettings = {
				ALWAYS_SEARCH_USER_PATHS = NO;
				CLANG_CXX_LANGUAGE_STANDARD = "gnu++0x";
				CLANG_CXX_LIBRARY = "libc++";
				CLANG_ENABLE_MODULES = YES;
				CLANG_ENABLE_OBJC_ARC = YES;
				CLANG_WARN_BOOL_CONVERSION = YES;
				CLANG_WARN_CONSTANT_CONVERSION = YES;
				CLANG_WARN_DIRECT_OBJC_ISA_USAGE = YES_ERROR;
				CLANG_WARN_EMPTY_BODY = YES;
				CLANG_WARN_ENUM_CONVERSION = YES;
				CLANG_WARN_INT_CONVERSION = YES;
				CLANG_WARN_OBJC_ROOT_CLASS = YES_ERROR;
				CLANG_WARN_UNREACHABLE_CODE = YES;
				CLANG_WARN__DUPLICATE_METHOD_MATCH = YES;
				COPY_PHASE_STRIP = NO;
				DEBUG_INFORMATION_FORMAT = "dwarf-with-dsym";
				ENABLE_NS_ASSERTIONS = NO;
				ENABLE_STRICT_OBJC_MSGSEND = YES;
				GCC_C_LANGUAGE_STANDARD = gnu99;
				GCC_NO_COMMON_BLOCKS = YES;
				GCC_WARN_64_TO_32_BIT_CONVERSION = YES;
				GCC_WARN_ABOUT_RETURN_TYPE = YES_ERROR;
				GCC_WARN_UNDECLARED_SELECTOR = YES;
				GCC_WARN_UNINITIALIZED_AUTOS = YES_AGGRESSIVE;
				GCC_WARN_UNUSED_FUNCTION = YES;
				GCC_WARN_UNUSED_VARIABLE = YES;
				MTL_ENABLE_DEBUG_INFO = NO;
				SDKROOT = appletvos;
				TARGETED_DEVICE_FAMILY = 3;
				TVOS_DEPLOYMENT_TARGET = 9.1;
				VALIDATE_PRODUCT = YES;
			};
			name = Release;
		};
		DBD078AC1C6CCF270007FE46 /* Debug */ = {
			isa = XCBuildConfiguration;
			baseConfigurationReference = F6686C807F7407CBB336FDAB /* Pods.debug.xcconfig */;
			buildSettings = {
				ASSETCATALOG_COMPILER_APPICON_NAME = "App Icon & Top Shelf Image";
				ASSETCATALOG_COMPILER_LAUNCHIMAGE_NAME = LaunchImage;
				CODE_SIGN_ENTITLEMENTS = InstaTV/InstaTV.entitlements;
				CODE_SIGN_IDENTITY = "iPhone Developer";
				"CODE_SIGN_IDENTITY[sdk=appletvos*]" = "iPhone Developer";
				DEFINES_MODULE = YES;
				FRAMEWORK_SEARCH_PATHS = (
					"$(inherited)",
					"$(PROJECT_DIR)/External/FacebookSDKs-tvOS",
				);
				INFOPLIST_FILE = InstaTV/Info.plist;
				LD_RUNPATH_SEARCH_PATHS = "$(inherited) @executable_path/Frameworks";
				PRODUCT_BUNDLE_IDENTIFIER = br.com.mwg.itv;
				PRODUCT_NAME = "$(TARGET_NAME)";
				PROVISIONING_PROFILE = "";
				SWIFT_OBJC_BRIDGING_HEADER = "InstaTV/InstaTV-Bridging-Header.h";
			};
			name = Debug;
		};
		DBD078AD1C6CCF270007FE46 /* Release */ = {
			isa = XCBuildConfiguration;
			baseConfigurationReference = 551BEE00F302954A1EB2D260 /* Pods.release.xcconfig */;
			buildSettings = {
				ASSETCATALOG_COMPILER_APPICON_NAME = "App Icon & Top Shelf Image";
				ASSETCATALOG_COMPILER_LAUNCHIMAGE_NAME = LaunchImage;
				CODE_SIGN_ENTITLEMENTS = InstaTV/InstaTV.entitlements;
				CODE_SIGN_IDENTITY = "iPhone Developer";
				"CODE_SIGN_IDENTITY[sdk=appletvos*]" = "iPhone Developer";
				DEFINES_MODULE = YES;
				FRAMEWORK_SEARCH_PATHS = (
					"$(inherited)",
					"$(PROJECT_DIR)/External/FacebookSDKs-tvOS",
				);
				INFOPLIST_FILE = InstaTV/Info.plist;
				LD_RUNPATH_SEARCH_PATHS = "$(inherited) @executable_path/Frameworks";
				PRODUCT_BUNDLE_IDENTIFIER = br.com.mwg.itv;
				PRODUCT_NAME = "$(TARGET_NAME)";
				PROVISIONING_PROFILE = "";
				SWIFT_OBJC_BRIDGING_HEADER = "InstaTV/InstaTV-Bridging-Header.h";
			};
			name = Release;
		};
/* End XCBuildConfiguration section */

/* Begin XCConfigurationList section */
		DBD078971C6CCF270007FE46 /* Build configuration list for PBXProject "InstaTV" */ = {
			isa = XCConfigurationList;
			buildConfigurations = (
				DBD078A91C6CCF270007FE46 /* Debug */,
				DBD078AA1C6CCF270007FE46 /* Release */,
			);
			defaultConfigurationIsVisible = 0;
			defaultConfigurationName = Release;
		};
		DBD078AB1C6CCF270007FE46 /* Build configuration list for PBXNativeTarget "InstaTV" */ = {
			isa = XCConfigurationList;
			buildConfigurations = (
				DBD078AC1C6CCF270007FE46 /* Debug */,
				DBD078AD1C6CCF270007FE46 /* Release */,
			);
			defaultConfigurationIsVisible = 0;
			defaultConfigurationName = Release;
		};
/* End XCConfigurationList section */

/* Begin XCVersionGroup section */
		DBB868361C7129E30069B8A8 /* ITVCoreData.xcdatamodeld */ = {
			isa = XCVersionGroup;
			children = (
				DBB868371C7129E30069B8A8 /* ITVCoreData.xcdatamodel */,
			);
			currentVersion = DBB868371C7129E30069B8A8 /* ITVCoreData.xcdatamodel */;
			path = ITVCoreData.xcdatamodeld;
			sourceTree = "<group>";
			versionGroupType = wrapper.xcdatamodel;
		};
/* End XCVersionGroup section */
	};
	rootObject = DBD078941C6CCF270007FE46 /* Project object */;
}
