// !$*UTF8*$!
{
	archiveVersion = 1;
	classes = {
	};
	objectVersion = 46;
	objects = {

/* Begin PBXBuildFile section */
		DB302B421C7212B3007D05EB /* AppDelegate.swift in Sources */ = {isa = PBXBuildFile; fileRef = DB302B411C7212B3007D05EB /* AppDelegate.swift */; };
		DB302B441C7212B3007D05EB /* ViewController.swift in Sources */ = {isa = PBXBuildFile; fileRef = DB302B431C7212B3007D05EB /* ViewController.swift */; };
		DB302B471C7212B3007D05EB /* Main.storyboard in Resources */ = {isa = PBXBuildFile; fileRef = DB302B451C7212B3007D05EB /* Main.storyboard */; };
		DB302B491C7212B3007D05EB /* Assets.xcassets in Resources */ = {isa = PBXBuildFile; fileRef = DB302B481C7212B3007D05EB /* Assets.xcassets */; };
		DB302B4C1C7212B3007D05EB /* LaunchScreen.storyboard in Resources */ = {isa = PBXBuildFile; fileRef = DB302B4A1C7212B3007D05EB /* LaunchScreen.storyboard */; };
		DB302B991C721332007D05EB /* AlbumEntity+CoreDataProperties.swift in Sources */ = {isa = PBXBuildFile; fileRef = DB302B541C721332007D05EB /* AlbumEntity+CoreDataProperties.swift */; };
		DB302B9A1C721332007D05EB /* AlbumEntity.swift in Sources */ = {isa = PBXBuildFile; fileRef = DB302B551C721332007D05EB /* AlbumEntity.swift */; };
		DB302B9B1C721332007D05EB /* CCCoreData.swift in Sources */ = {isa = PBXBuildFile; fileRef = DB302B561C721332007D05EB /* CCCoreData.swift */; };
		DB302B9C1C721332007D05EB /* CCCoreData.xcdatamodeld in Sources */ = {isa = PBXBuildFile; fileRef = DB302B571C721332007D05EB /* CCCoreData.xcdatamodeld */; };
		DB302B9D1C721332007D05EB /* PhotoEntity+CoreDataProperties.swift in Sources */ = {isa = PBXBuildFile; fileRef = DB302B591C721332007D05EB /* PhotoEntity+CoreDataProperties.swift */; };
		DB302B9E1C721332007D05EB /* PhotoEntity.swift in Sources */ = {isa = PBXBuildFile; fileRef = DB302B5A1C721332007D05EB /* PhotoEntity.swift */; };
		DB302B9F1C721332007D05EB /* star.png in Resources */ = {isa = PBXBuildFile; fileRef = DB302B5B1C721332007D05EB /* star.png */; };
		DB302BC81C7219EB007D05EB /* CloudKit.framework in Frameworks */ = {isa = PBXBuildFile; fileRef = DB302BC71C7219EB007D05EB /* CloudKit.framework */; };
/* End PBXBuildFile section */

/* Begin PBXFileReference section */
		DB302B3E1C7212B3007D05EB /* SampleCoreWithCloud.app */ = {isa = PBXFileReference; explicitFileType = wrapper.application; includeInIndex = 0; path = SampleCoreWithCloud.app; sourceTree = BUILT_PRODUCTS_DIR; };
		DB302B411C7212B3007D05EB /* AppDelegate.swift */ = {isa = PBXFileReference; lastKnownFileType = sourcecode.swift; path = AppDelegate.swift; sourceTree = "<group>"; };
		DB302B431C7212B3007D05EB /* ViewController.swift */ = {isa = PBXFileReference; lastKnownFileType = sourcecode.swift; path = ViewController.swift; sourceTree = "<group>"; };
		DB302B461C7212B3007D05EB /* Base */ = {isa = PBXFileReference; lastKnownFileType = file.storyboard; name = Base; path = Base.lproj/Main.storyboard; sourceTree = "<group>"; };
		DB302B481C7212B3007D05EB /* Assets.xcassets */ = {isa = PBXFileReference; lastKnownFileType = folder.assetcatalog; path = Assets.xcassets; sourceTree = "<group>"; };
		DB302B4B1C7212B3007D05EB /* Base */ = {isa = PBXFileReference; lastKnownFileType = file.storyboard; name = Base; path = Base.lproj/LaunchScreen.storyboard; sourceTree = "<group>"; };
		DB302B4D1C7212B3007D05EB /* Info.plist */ = {isa = PBXFileReference; lastKnownFileType = text.plist.xml; path = Info.plist; sourceTree = "<group>"; };
		DB302B541C721332007D05EB /* AlbumEntity+CoreDataProperties.swift */ = {isa = PBXFileReference; fileEncoding = 4; lastKnownFileType = sourcecode.swift; path = "AlbumEntity+CoreDataProperties.swift"; sourceTree = "<group>"; };
		DB302B551C721332007D05EB /* AlbumEntity.swift */ = {isa = PBXFileReference; fileEncoding = 4; lastKnownFileType = sourcecode.swift; path = AlbumEntity.swift; sourceTree = "<group>"; };
		DB302B561C721332007D05EB /* CCCoreData.swift */ = {isa = PBXFileReference; fileEncoding = 4; lastKnownFileType = sourcecode.swift; path = CCCoreData.swift; sourceTree = "<group>"; };
		DB302B581C721332007D05EB /* CCCoreData.xcdatamodel */ = {isa = PBXFileReference; lastKnownFileType = wrapper.xcdatamodel; path = CCCoreData.xcdatamodel; sourceTree = "<group>"; };
		DB302B591C721332007D05EB /* PhotoEntity+CoreDataProperties.swift */ = {isa = PBXFileReference; fileEncoding = 4; lastKnownFileType = sourcecode.swift; path = "PhotoEntity+CoreDataProperties.swift"; sourceTree = "<group>"; };
		DB302B5A1C721332007D05EB /* PhotoEntity.swift */ = {isa = PBXFileReference; fileEncoding = 4; lastKnownFileType = sourcecode.swift; path = PhotoEntity.swift; sourceTree = "<group>"; };
		DB302B5B1C721332007D05EB /* star.png */ = {isa = PBXFileReference; lastKnownFileType = image.png; path = star.png; sourceTree = "<group>"; };
		DB302BC61C721681007D05EB /* SampleCoreWithCloud.entitlements */ = {isa = PBXFileReference; lastKnownFileType = text.xml; path = SampleCoreWithCloud.entitlements; sourceTree = "<group>"; };
		DB302BC71C7219EB007D05EB /* CloudKit.framework */ = {isa = PBXFileReference; lastKnownFileType = wrapper.framework; name = CloudKit.framework; path = System/Library/Frameworks/CloudKit.framework; sourceTree = SDKROOT; };
/* End PBXFileReference section */

/* Begin PBXFrameworksBuildPhase section */
		DB302B3B1C7212B3007D05EB /* Frameworks */ = {
			isa = PBXFrameworksBuildPhase;
			buildActionMask = 2147483647;
			files = (
				DB302BC81C7219EB007D05EB /* CloudKit.framework in Frameworks */,
			);
			runOnlyForDeploymentPostprocessing = 0;
		};
/* End PBXFrameworksBuildPhase section */

/* Begin PBXGroup section */
		DB302B351C7212B3007D05EB = {
			isa = PBXGroup;
			children = (
				DB302BC71C7219EB007D05EB /* CloudKit.framework */,
				DB302B531C721332007D05EB /* CoreData */,
				DB302B5C1C721332007D05EB /* External */,
				DB302B981C721332007D05EB /* Utils */,
				DB302B401C7212B3007D05EB /* SampleCoreWithCloud */,
				DB302B3F1C7212B3007D05EB /* Products */,
			);
			sourceTree = "<group>";
		};
		DB302B3F1C7212B3007D05EB /* Products */ = {
			isa = PBXGroup;
			children = (
				DB302B3E1C7212B3007D05EB /* SampleCoreWithCloud.app */,
			);
			name = Products;
			sourceTree = "<group>";
		};
		DB302B401C7212B3007D05EB /* SampleCoreWithCloud */ = {
			isa = PBXGroup;
			children = (
				DB302BC61C721681007D05EB /* SampleCoreWithCloud.entitlements */,
				DB302B411C7212B3007D05EB /* AppDelegate.swift */,
				DB302B431C7212B3007D05EB /* ViewController.swift */,
				DB302B451C7212B3007D05EB /* Main.storyboard */,
				DB302B481C7212B3007D05EB /* Assets.xcassets */,
				DB302B4A1C7212B3007D05EB /* LaunchScreen.storyboard */,
				DB302B4D1C7212B3007D05EB /* Info.plist */,
			);
			path = SampleCoreWithCloud;
			sourceTree = "<group>";
		};
		DB302B531C721332007D05EB /* CoreData */ = {
			isa = PBXGroup;
			children = (
				DB302B541C721332007D05EB /* AlbumEntity+CoreDataProperties.swift */,
				DB302B551C721332007D05EB /* AlbumEntity.swift */,
				DB302B561C721332007D05EB /* CCCoreData.swift */,
				DB302B571C721332007D05EB /* CCCoreData.xcdatamodeld */,
				DB302B591C721332007D05EB /* PhotoEntity+CoreDataProperties.swift */,
				DB302B5A1C721332007D05EB /* PhotoEntity.swift */,
				DB302B5B1C721332007D05EB /* star.png */,
			);
			path = CoreData;
			sourceTree = "<group>";
		};
		DB302B5C1C721332007D05EB /* External */ = {
			isa = PBXGroup;
			children = (
			);
			path = External;
			sourceTree = "<group>";
		};
		DB302B981C721332007D05EB /* Utils */ = {
			isa = PBXGroup;
			children = (
			);
			path = Utils;
			sourceTree = "<group>";
		};
/* End PBXGroup section */

/* Begin PBXNativeTarget section */
		DB302B3D1C7212B3007D05EB /* SampleCoreWithCloud */ = {
			isa = PBXNativeTarget;
			buildConfigurationList = DB302B501C7212B3007D05EB /* Build configuration list for PBXNativeTarget "SampleCoreWithCloud" */;
			buildPhases = (
				DB302B3A1C7212B3007D05EB /* Sources */,
				DB302B3B1C7212B3007D05EB /* Frameworks */,
				DB302B3C1C7212B3007D05EB /* Resources */,
			);
			buildRules = (
			);
			dependencies = (
			);
			name = SampleCoreWithCloud;
			productName = SampleCoreWithCloud;
			productReference = DB302B3E1C7212B3007D05EB /* SampleCoreWithCloud.app */;
			productType = "com.apple.product-type.application";
		};
/* End PBXNativeTarget section */

/* Begin PBXProject section */
		DB302B361C7212B3007D05EB /* Project object */ = {
			isa = PBXProject;
			attributes = {
				LastSwiftUpdateCheck = 0720;
				LastUpgradeCheck = 0720;
				ORGANIZATIONNAME = mwg;
				TargetAttributes = {
					DB302B3D1C7212B3007D05EB = {
						CreatedOnToolsVersion = 7.2;
						DevelopmentTeam = 99PGLV2Z48;
						SystemCapabilities = {
							com.apple.iCloud = {
								enabled = 1;
							};
						};
					};
				};
			};
			buildConfigurationList = DB302B391C7212B3007D05EB /* Build configuration list for PBXProject "SampleCoreWithCloud" */;
			compatibilityVersion = "Xcode 3.2";
			developmentRegion = English;
			hasScannedForEncodings = 0;
			knownRegions = (
				en,
				Base,
			);
			mainGroup = DB302B351C7212B3007D05EB;
			productRefGroup = DB302B3F1C7212B3007D05EB /* Products */;
			projectDirPath = "";
			projectRoot = "";
			targets = (
				DB302B3D1C7212B3007D05EB /* SampleCoreWithCloud */,
			);
		};
/* End PBXProject section */

/* Begin PBXResourcesBuildPhase section */
		DB302B3C1C7212B3007D05EB /* Resources */ = {
			isa = PBXResourcesBuildPhase;
			buildActionMask = 2147483647;
			files = (
				DB302B4C1C7212B3007D05EB /* LaunchScreen.storyboard in Resources */,
				DB302B9F1C721332007D05EB /* star.png in Resources */,
				DB302B491C7212B3007D05EB /* Assets.xcassets in Resources */,
				DB302B471C7212B3007D05EB /* Main.storyboard in Resources */,
			);
			runOnlyForDeploymentPostprocessing = 0;
		};
/* End PBXResourcesBuildPhase section */

/* Begin PBXSourcesBuildPhase section */
		DB302B3A1C7212B3007D05EB /* Sources */ = {
			isa = PBXSourcesBuildPhase;
			buildActionMask = 2147483647;
			files = (
				DB302B9C1C721332007D05EB /* CCCoreData.xcdatamodeld in Sources */,
				DB302B9B1C721332007D05EB /* CCCoreData.swift in Sources */,
				DB302B991C721332007D05EB /* AlbumEntity+CoreDataProperties.swift in Sources */,
				DB302B9E1C721332007D05EB /* PhotoEntity.swift in Sources */,
				DB302B441C7212B3007D05EB /* ViewController.swift in Sources */,
				DB302B9A1C721332007D05EB /* AlbumEntity.swift in Sources */,
				DB302B9D1C721332007D05EB /* PhotoEntity+CoreDataProperties.swift in Sources */,
				DB302B421C7212B3007D05EB /* AppDelegate.swift in Sources */,
			);
			runOnlyForDeploymentPostprocessing = 0;
		};
/* End PBXSourcesBuildPhase section */

/* Begin PBXVariantGroup section */
		DB302B451C7212B3007D05EB /* Main.storyboard */ = {
			isa = PBXVariantGroup;
			children = (
				DB302B461C7212B3007D05EB /* Base */,
			);
			name = Main.storyboard;
			sourceTree = "<group>";
		};
		DB302B4A1C7212B3007D05EB /* LaunchScreen.storyboard */ = {
			isa = PBXVariantGroup;
			children = (
				DB302B4B1C7212B3007D05EB /* Base */,
			);
			name = LaunchScreen.storyboard;
			sourceTree = "<group>";
		};
/* End PBXVariantGroup section */

/* Begin XCBuildConfiguration section */
		DB302B4E1C7212B3007D05EB /* Debug */ = {
			isa = XCBuildConfiguration;
			buildSettings = {
				ALWAYS_SEARCH_USER_PATHS = NO;
				CLANG_CXX_LANGUAGE_STANDARD = "gnu++0x";
				CLANG_CXX_LIBRARY = "libc++";
				CLANG_ENABLE_MODULES = YES;
				CLANG_ENABLE_OBJC_ARC = YES;
				CLANG_WARN_BOOL_CONVERSION = YES;
				CLANG_WARN_CONSTANT_CONVERSION = YES;
				CLANG_WARN_DIRECT_OBJC_ISA_USAGE = YES_ERROR;
				CLANG_WARN_EMPTY_BODY = YES;
				CLANG_WARN_ENUM_CONVERSION = YES;
				CLANG_WARN_INT_CONVERSION = YES;
				CLANG_WARN_OBJC_ROOT_CLASS = YES_ERROR;
				CLANG_WARN_UNREACHABLE_CODE = YES;
				CLANG_WARN__DUPLICATE_METHOD_MATCH = YES;
				"CODE_SIGN_IDENTITY[sdk=iphoneos*]" = "iPhone Developer";
				COPY_PHASE_STRIP = NO;
				DEBUG_INFORMATION_FORMAT = dwarf;
				ENABLE_STRICT_OBJC_MSGSEND = YES;
				ENABLE_TESTABILITY = YES;
				GCC_C_LANGUAGE_STANDARD = gnu99;
				GCC_DYNAMIC_NO_PIC = NO;
				GCC_NO_COMMON_BLOCKS = YES;
				GCC_OPTIMIZATION_LEVEL = 0;
				GCC_PREPROCESSOR_DEFINITIONS = (
					"DEBUG=1",
					"$(inherited)",
				);
				GCC_WARN_64_TO_32_BIT_CONVERSION = YES;
				GCC_WARN_ABOUT_RETURN_TYPE = YES_ERROR;
				GCC_WARN_UNDECLARED_SELECTOR = YES;
				GCC_WARN_UNINITIALIZED_AUTOS = YES_AGGRESSIVE;
				GCC_WARN_UNUSED_FUNCTION = YES;
				GCC_WARN_UNUSED_VARIABLE = YES;
				IPHONEOS_DEPLOYMENT_TARGET = 9.2;
				MTL_ENABLE_DEBUG_INFO = YES;
				ONLY_ACTIVE_ARCH = YES;
				SDKROOT = iphoneos;
				SWIFT_OPTIMIZATION_LEVEL = "-Onone";
			};
			name = Debug;
		};
		DB302B4F1C7212B3007D05EB /* Release */ = {
			isa = XCBuildConfiguration;
			buildSettings = {
				ALWAYS_SEARCH_USER_PATHS = NO;
				CLANG_CXX_LANGUAGE_STANDARD = "gnu++0x";
				CLANG_CXX_LIBRARY = "libc++";
				CLANG_ENABLE_MODULES = YES;
				CLANG_ENABLE_OBJC_ARC = YES;
				CLANG_WARN_BOOL_CONVERSION = YES;
				CLANG_WARN_CONSTANT_CONVERSION = YES;
				CLANG_WARN_DIRECT_OBJC_ISA_USAGE = YES_ERROR;
				CLANG_WARN_EMPTY_BODY = YES;
				CLANG_WARN_ENUM_CONVERSION = YES;
				CLANG_WARN_INT_CONVERSION = YES;
				CLANG_WARN_OBJC_ROOT_CLASS = YES_ERROR;
				CLANG_WARN_UNREACHABLE_CODE = YES;
				CLANG_WARN__DUPLICATE_METHOD_MATCH = YES;
				"CODE_SIGN_IDENTITY[sdk=iphoneos*]" = "iPhone Developer";
				COPY_PHASE_STRIP = NO;
				DEBUG_INFORMATION_FORMAT = "dwarf-with-dsym";
				ENABLE_NS_ASSERTIONS = NO;
				ENABLE_STRICT_OBJC_MSGSEND = YES;
				GCC_C_LANGUAGE_STANDARD = gnu99;
				GCC_NO_COMMON_BLOCKS = YES;
				GCC_WARN_64_TO_32_BIT_CONVERSION = YES;
				GCC_WARN_ABOUT_RETURN_TYPE = YES_ERROR;
				GCC_WARN_UNDECLARED_SELECTOR = YES;
				GCC_WARN_UNINITIALIZED_AUTOS = YES_AGGRESSIVE;
				GCC_WARN_UNUSED_FUNCTION = YES;
				GCC_WARN_UNUSED_VARIABLE = YES;
				IPHONEOS_DEPLOYMENT_TARGET = 9.2;
				MTL_ENABLE_DEBUG_INFO = NO;
				SDKROOT = iphoneos;
				VALIDATE_PRODUCT = YES;
			};
			name = Release;
		};
		DB302B511C7212B3007D05EB /* Debug */ = {
			isa = XCBuildConfiguration;
			buildSettings = {
				ASSETCATALOG_COMPILER_APPICON_NAME = AppIcon;
				CODE_SIGN_ENTITLEMENTS = SampleCoreWithCloud/SampleCoreWithCloud.entitlements;
				CODE_SIGN_IDENTITY = "iPhone Developer";
				"CODE_SIGN_IDENTITY[sdk=iphoneos*]" = "iPhone Developer";
				FRAMEWORK_SEARCH_PATHS = (
					"$(inherited)",
					"$(PROJECT_DIR)/External/FacebookSDKs-tvOS",
				);
				INFOPLIST_FILE = SampleCoreWithCloud/Info.plist;
				LD_RUNPATH_SEARCH_PATHS = "$(inherited) @executable_path/Frameworks";
				PRODUCT_BUNDLE_IDENTIFIER = br.com.macwingo.cccoredata;
				PRODUCT_NAME = "$(TARGET_NAME)";
				PROVISIONING_PROFILE = "";
			};
			name = Debug;
		};
		DB302B521C7212B3007D05EB /* Release */ = {
			isa = XCBuildConfiguration;
			buildSettings = {
				ASSETCATALOG_COMPILER_APPICON_NAME = AppIcon;
				CODE_SIGN_ENTITLEMENTS = SampleCoreWithCloud/SampleCoreWithCloud.entitlements;
				CODE_SIGN_IDENTITY = "iPhone Developer";
				"CODE_SIGN_IDENTITY[sdk=iphoneos*]" = "iPhone Developer";
				FRAMEWORK_SEARCH_PATHS = (
					"$(inherited)",
					"$(PROJECT_DIR)/External/FacebookSDKs-tvOS",
				);
				INFOPLIST_FILE = SampleCoreWithCloud/Info.plist;
				LD_RUNPATH_SEARCH_PATHS = "$(inherited) @executable_path/Frameworks";
				PRODUCT_BUNDLE_IDENTIFIER = br.com.macwingo.cccoredata;
				PRODUCT_NAME = "$(TARGET_NAME)";
				PROVISIONING_PROFILE = "";
			};
			name = Release;
		};
/* End XCBuildConfiguration section */

/* Begin XCConfigurationList section */
		DB302B391C7212B3007D05EB /* Build configuration list for PBXProject "SampleCoreWithCloud" */ = {
			isa = XCConfigurationList;
			buildConfigurations = (
				DB302B4E1C7212B3007D05EB /* Debug */,
				DB302B4F1C7212B3007D05EB /* Release */,
			);
			defaultConfigurationIsVisible = 0;
			defaultConfigurationName = Release;
		};
		DB302B501C7212B3007D05EB /* Build configuration list for PBXNativeTarget "SampleCoreWithCloud" */ = {
			isa = XCConfigurationList;
			buildConfigurations = (
				DB302B511C7212B3007D05EB /* Debug */,
				DB302B521C7212B3007D05EB /* Release */,
			);
			defaultConfigurationIsVisible = 0;
		};
/* End XCConfigurationList section */

/* Begin XCVersionGroup section */
		DB302B571C721332007D05EB /* CCCoreData.xcdatamodeld */ = {
			isa = XCVersionGroup;
			children = (
				DB302B581C721332007D05EB /* CCCoreData.xcdatamodel */,
			);
			currentVersion = DB302B581C721332007D05EB /* CCCoreData.xcdatamodel */;
			path = CCCoreData.xcdatamodeld;
			sourceTree = "<group>";
			versionGroupType = wrapper.xcdatamodel;
		};
/* End XCVersionGroup section */
	};
	rootObject = DB302B361C7212B3007D05EB /* Project object */;
}
